Microsoft Visual Studio Solution File, Format Version 12.00
# Visual Studio Version 17
VisualStudioVersion = 17.5.2.0
MinimumVisualStudioVersion = 10.0.40219.1
Project("{FAE04EC0-301F-11D3-BF4B-00C04F79EFBC}") = "falling-nobody-task", "falling-nobody-task.csproj", "{10044342-BABD-231E-D72A-5F2FBA21F5B7}"
EndProject
Global
	GlobalSection(SolutionConfigurationPlatforms) = preSolution
		Debug|Any CPU = Debug|Any CPU
		Release|Any CPU = Release|Any CPU
	EndGlobalSection
	GlobalSection(ProjectConfigurationPlatforms) = postSolution
		{10044342-BABD-231E-D72A-5F2FBA21F5B7}.Debug|Any CPU.ActiveCfg = Debug|Any CPU
		{10044342-BABD-231E-D72A-5F2FBA21F5B7}.Debug|Any CPU.Build.0 = Debug|Any CPU
		{10044342-BABD-231E-D72A-5F2FBA21F5B7}.Release|Any CPU.ActiveCfg = Release|Any CPU
		{10044342-BABD-231E-D72A-5F2FBA21F5B7}.Release|Any CPU.Build.0 = Release|Any CPU
	EndGlobalSection
	GlobalSection(SolutionProperties) = preSolution
		HideSolutionNode = FALSE
	EndGlobalSection
	GlobalSection(ExtensibilityGlobals) = postSolution
		SolutionGuid = {7BB7AA9F-6D47-4FE4-9313-A8826E9B9646}
	EndGlobalSection
EndGlobal
