
Microsoft Visual Studio Solution File, Format Version 12.00
# Visual Studio Version 17
VisualStudioVersion = 17.5.2.0
MinimumVisualStudioVersion = 10.0.40219.1
Project("{FAE04EC0-301F-11D3-BF4B-00C04F79EFBC}") = "falling-nobody-task", "src\falling-nobody-task.csproj", "{10044342-BABD-231E-D72A-5F2FBA21F5B7}"
EndProject
Project("{2150E333-8FDC-42A3-9474-1A3956D46DE8}") = "tests", "tests", "{0AB3BF05-4346-4AA6-1389-037BE0695223}"
EndProject
Project("{FAE04EC0-301F-11D3-BF4B-00C04F79EFBC}") = "falling-nobody-task.Tests", "tests\falling-nobody-task.Tests\falling-nobody-task.Tests.csproj", "{2667F987-BC31-4DE8-A618-37404DB57C48}"
EndProject
Global
	GlobalSection(SolutionConfigurationPlatforms) = preSolution
		Debug|Any CPU = Debug|Any CPU
		Debug|x64 = Debug|x64
		Debug|x86 = Debug|x86
		Release|Any CPU = Release|Any CPU
		Release|x64 = Release|x64
		Release|x86 = Release|x86
	EndGlobalSection
	GlobalSection(ProjectConfigurationPlatforms) = postSolution
		{10044342-BABD-231E-D72A-5F2FBA21F5B7}.Debug|Any CPU.ActiveCfg = Debug|Any CPU
		{10044342-BABD-231E-D72A-5F2FBA21F5B7}.Debug|Any CPU.Build.0 = Debug|Any CPU
		{10044342-BABD-231E-D72A-5F2FBA21F5B7}.Debug|x64.ActiveCfg = Debug|Any CPU
		{10044342-BABD-231E-D72A-5F2FBA21F5B7}.Debug|x64.Build.0 = Debug|Any CPU
		{10044342-BABD-231E-D72A-5F2FBA21F5B7}.Debug|x86.ActiveCfg = Debug|Any CPU
		{10044342-BABD-231E-D72A-5F2FBA21F5B7}.Debug|x86.Build.0 = Debug|Any CPU
		{10044342-BABD-231E-D72A-5F2FBA21F5B7}.Release|Any CPU.ActiveCfg = Release|Any CPU
		{10044342-BABD-231E-D72A-5F2FBA21F5B7}.Release|Any CPU.Build.0 = Release|Any CPU
		{10044342-BABD-231E-D72A-5F2FBA21F5B7}.Release|x64.ActiveCfg = Release|Any CPU
		{10044342-BABD-231E-D72A-5F2FBA21F5B7}.Release|x64.Build.0 = Release|Any CPU
		{10044342-BABD-231E-D72A-5F2FBA21F5B7}.Release|x86.ActiveCfg = Release|Any CPU
		{10044342-BABD-231E-D72A-5F2FBA21F5B7}.Release|x86.Build.0 = Release|Any CPU
		{2667F987-BC31-4DE8-A618-37404DB57C48}.Debug|Any CPU.ActiveCfg = Debug|Any CPU
		{2667F987-BC31-4DE8-A618-37404DB57C48}.Debug|Any CPU.Build.0 = Debug|Any CPU
		{2667F987-BC31-4DE8-A618-37404DB57C48}.Debug|x64.ActiveCfg = Debug|Any CPU
		{2667F987-BC31-4DE8-A618-37404DB57C48}.Debug|x64.Build.0 = Debug|Any CPU
		{2667F987-BC31-4DE8-A618-37404DB57C48}.Debug|x86.ActiveCfg = Debug|Any CPU
		{2667F987-BC31-4DE8-A618-37404DB57C48}.Debug|x86.Build.0 = Debug|Any CPU
		{2667F987-BC31-4DE8-A618-37404DB57C48}.Release|Any CPU.ActiveCfg = Release|Any CPU
		{2667F987-BC31-4DE8-A618-37404DB57C48}.Release|Any CPU.Build.0 = Release|Any CPU
		{2667F987-BC31-4DE8-A618-37404DB57C48}.Release|x64.ActiveCfg = Release|Any CPU
		{2667F987-BC31-4DE8-A618-37404DB57C48}.Release|x64.Build.0 = Release|Any CPU
		{2667F987-BC31-4DE8-A618-37404DB57C48}.Release|x86.ActiveCfg = Release|Any CPU
		{2667F987-BC31-4DE8-A618-37404DB57C48}.Release|x86.Build.0 = Release|Any CPU
	EndGlobalSection
	GlobalSection(SolutionProperties) = preSolution
		HideSolutionNode = FALSE
	EndGlobalSection
	GlobalSection(NestedProjects) = preSolution
		{2667F987-BC31-4DE8-A618-37404DB57C48} = {0AB3BF05-4346-4AA6-1389-037BE0695223}
	EndGlobalSection
	GlobalSection(ExtensibilityGlobals) = postSolution
		SolutionGuid = {7BB7AA9F-6D47-4FE4-9313-A8826E9B9646}
	EndGlobalSection
EndGlobal
